
Microsoft Visual Studio Solution File, Format Version 12.00
# Visual Studio 15
Project("{FAE04EC0-301F-11D3-BF4B-00C04F79EFBC}") = "SQLite.Android", "SQLite.Android\SQLite.Android.csproj", "{495347A8-DE6C-497C-AB3F-6B17861F2F0A}"
EndProject
Project("{FAE04EC0-301F-11D3-BF4B-00C04F79EFBC}") = "SQLite.iOS", "SQLite.iOS\SQLite.iOS.csproj", "{DBF257F0-46BD-44C8-885D-2CEC9C9611A1}"
EndProject
Project("{FAE04EC0-301F-11D3-BF4B-00C04F79EFBC}") = "SQLite.UITests", "SQLite.UITests\SQLite.UITests.csproj", "{B19C892E-2628-4CA7-AD27-08D406A3B14B}"
EndProject
Project("{FAE04EC0-301F-11D3-BF4B-00C04F79EFBC}") = "SQLite", "SQLite\SQLite.csproj", "{471E636D-4136-45E1-9073-2E18B0165C4E}"
EndProject
Global
	GlobalSection(SolutionConfigurationPlatforms) = preSolution
		Debug|Any CPU = Debug|Any CPU
		Release|Any CPU = Release|Any CPU
		Debug|iPhoneSimulator = Debug|iPhoneSimulator
		Release|iPhoneSimulator = Release|iPhoneSimulator
		Debug|iPhone = Debug|iPhone
		Release|iPhone = Release|iPhone
		Ad-Hoc|iPhone = Ad-Hoc|iPhone
		AppStore|iPhone = AppStore|iPhone
	EndGlobalSection
	GlobalSection(ProjectConfigurationPlatforms) = postSolution
		{495347A8-DE6C-497C-AB3F-6B17861F2F0A}.Debug|Any CPU.ActiveCfg = Debug|Any CPU
		{495347A8-DE6C-497C-AB3F-6B17861F2F0A}.Debug|Any CPU.Build.0 = Debug|Any CPU
		{495347A8-DE6C-497C-AB3F-6B17861F2F0A}.Release|Any CPU.ActiveCfg = Release|Any CPU
		{495347A8-DE6C-497C-AB3F-6B17861F2F0A}.Release|Any CPU.Build.0 = Release|Any CPU
		{495347A8-DE6C-497C-AB3F-6B17861F2F0A}.Debug|iPhoneSimulator.ActiveCfg = Debug|Any CPU
		{495347A8-DE6C-497C-AB3F-6B17861F2F0A}.Debug|iPhoneSimulator.Build.0 = Debug|Any CPU
		{495347A8-DE6C-497C-AB3F-6B17861F2F0A}.Release|iPhoneSimulator.ActiveCfg = Release|Any CPU
		{495347A8-DE6C-497C-AB3F-6B17861F2F0A}.Release|iPhoneSimulator.Build.0 = Release|Any CPU
		{495347A8-DE6C-497C-AB3F-6B17861F2F0A}.Debug|iPhone.ActiveCfg = Debug|Any CPU
		{495347A8-DE6C-497C-AB3F-6B17861F2F0A}.Debug|iPhone.Build.0 = Debug|Any CPU
		{495347A8-DE6C-497C-AB3F-6B17861F2F0A}.Release|iPhone.ActiveCfg = Release|Any CPU
		{495347A8-DE6C-497C-AB3F-6B17861F2F0A}.Release|iPhone.Build.0 = Release|Any CPU
		{495347A8-DE6C-497C-AB3F-6B17861F2F0A}.Ad-Hoc|iPhone.ActiveCfg = Debug|Any CPU
		{495347A8-DE6C-497C-AB3F-6B17861F2F0A}.Ad-Hoc|iPhone.Build.0 = Debug|Any CPU
		{495347A8-DE6C-497C-AB3F-6B17861F2F0A}.AppStore|iPhone.ActiveCfg = Debug|Any CPU
		{495347A8-DE6C-497C-AB3F-6B17861F2F0A}.AppStore|iPhone.Build.0 = Debug|Any CPU
		{DBF257F0-46BD-44C8-885D-2CEC9C9611A1}.Debug|Any CPU.ActiveCfg = Debug|iPhoneSimulator
		{DBF257F0-46BD-44C8-885D-2CEC9C9611A1}.Debug|Any CPU.Build.0 = Debug|iPhoneSimulator
		{DBF257F0-46BD-44C8-885D-2CEC9C9611A1}.Release|Any CPU.ActiveCfg = Release|iPhoneSimulator
		{DBF257F0-46BD-44C8-885D-2CEC9C9611A1}.Release|Any CPU.Build.0 = Release|iPhoneSimulator
		{DBF257F0-46BD-44C8-885D-2CEC9C9611A1}.Debug|iPhoneSimulator.ActiveCfg = Debug|iPhoneSimulator
		{DBF257F0-46BD-44C8-885D-2CEC9C9611A1}.Debug|iPhoneSimulator.Build.0 = Debug|iPhoneSimulator
		{DBF257F0-46BD-44C8-885D-2CEC9C9611A1}.Release|iPhoneSimulator.ActiveCfg = Release|iPhoneSimulator
		{DBF257F0-46BD-44C8-885D-2CEC9C9611A1}.Release|iPhoneSimulator.Build.0 = Release|iPhoneSimulator
		{DBF257F0-46BD-44C8-885D-2CEC9C9611A1}.Debug|iPhone.ActiveCfg = Debug|iPhone
		{DBF257F0-46BD-44C8-885D-2CEC9C9611A1}.Debug|iPhone.Build.0 = Debug|iPhone
		{DBF257F0-46BD-44C8-885D-2CEC9C9611A1}.Release|iPhone.ActiveCfg = Release|iPhone
		{DBF257F0-46BD-44C8-885D-2CEC9C9611A1}.Release|iPhone.Build.0 = Release|iPhone
		{DBF257F0-46BD-44C8-885D-2CEC9C9611A1}.Ad-Hoc|iPhone.ActiveCfg = Ad-Hoc|iPhone
		{DBF257F0-46BD-44C8-885D-2CEC9C9611A1}.Ad-Hoc|iPhone.Build.0 = Ad-Hoc|iPhone
		{DBF257F0-46BD-44C8-885D-2CEC9C9611A1}.AppStore|iPhone.ActiveCfg = AppStore|iPhone
		{DBF257F0-46BD-44C8-885D-2CEC9C9611A1}.AppStore|iPhone.Build.0 = AppStore|iPhone
		{B19C892E-2628-4CA7-AD27-08D406A3B14B}.Debug|Any CPU.ActiveCfg = Debug|Any CPU
		{B19C892E-2628-4CA7-AD27-08D406A3B14B}.Debug|Any CPU.Build.0 = Debug|Any CPU
		{B19C892E-2628-4CA7-AD27-08D406A3B14B}.Release|Any CPU.ActiveCfg = Release|Any CPU
		{B19C892E-2628-4CA7-AD27-08D406A3B14B}.Release|Any CPU.Build.0 = Release|Any CPU
		{B19C892E-2628-4CA7-AD27-08D406A3B14B}.Debug|iPhoneSimulator.ActiveCfg = Debug|Any CPU
		{B19C892E-2628-4CA7-AD27-08D406A3B14B}.Debug|iPhoneSimulator.Build.0 = Debug|Any CPU
		{B19C892E-2628-4CA7-AD27-08D406A3B14B}.Release|iPhoneSimulator.ActiveCfg = Release|Any CPU
		{B19C892E-2628-4CA7-AD27-08D406A3B14B}.Release|iPhoneSimulator.Build.0 = Release|Any CPU
		{B19C892E-2628-4CA7-AD27-08D406A3B14B}.Debug|iPhone.ActiveCfg = Debug|Any CPU
		{B19C892E-2628-4CA7-AD27-08D406A3B14B}.Debug|iPhone.Build.0 = Debug|Any CPU
		{B19C892E-2628-4CA7-AD27-08D406A3B14B}.Release|iPhone.ActiveCfg = Release|Any CPU
		{B19C892E-2628-4CA7-AD27-08D406A3B14B}.Release|iPhone.Build.0 = Release|Any CPU
		{B19C892E-2628-4CA7-AD27-08D406A3B14B}.Ad-Hoc|iPhone.ActiveCfg = Debug|Any CPU
		{B19C892E-2628-4CA7-AD27-08D406A3B14B}.Ad-Hoc|iPhone.Build.0 = Debug|Any CPU
		{B19C892E-2628-4CA7-AD27-08D406A3B14B}.AppStore|iPhone.ActiveCfg = Debug|Any CPU
		{B19C892E-2628-4CA7-AD27-08D406A3B14B}.AppStore|iPhone.Build.0 = Debug|Any CPU
		{471E636D-4136-45E1-9073-2E18B0165C4E}.Debug|Any CPU.ActiveCfg = Debug|Any CPU
		{471E636D-4136-45E1-9073-2E18B0165C4E}.Debug|Any CPU.Build.0 = Debug|Any CPU
		{471E636D-4136-45E1-9073-2E18B0165C4E}.Release|Any CPU.ActiveCfg = Release|Any CPU
		{471E636D-4136-45E1-9073-2E18B0165C4E}.Release|Any CPU.Build.0 = Release|Any CPU
		{471E636D-4136-45E1-9073-2E18B0165C4E}.Debug|iPhoneSimulator.ActiveCfg = Debug|Any CPU
		{471E636D-4136-45E1-9073-2E18B0165C4E}.Debug|iPhoneSimulator.Build.0 = Debug|Any CPU
		{471E636D-4136-45E1-9073-2E18B0165C4E}.Release|iPhoneSimulator.ActiveCfg = Release|Any CPU
		{471E636D-4136-45E1-9073-2E18B0165C4E}.Release|iPhoneSimulator.Build.0 = Release|Any CPU
		{471E636D-4136-45E1-9073-2E18B0165C4E}.Debug|iPhone.ActiveCfg = Debug|Any CPU
		{471E636D-4136-45E1-9073-2E18B0165C4E}.Debug|iPhone.Build.0 = Debug|Any CPU
		{471E636D-4136-45E1-9073-2E18B0165C4E}.Release|iPhone.ActiveCfg = Release|Any CPU
		{471E636D-4136-45E1-9073-2E18B0165C4E}.Release|iPhone.Build.0 = Release|Any CPU
		{471E636D-4136-45E1-9073-2E18B0165C4E}.Ad-Hoc|iPhone.ActiveCfg = Debug|Any CPU
		{471E636D-4136-45E1-9073-2E18B0165C4E}.Ad-Hoc|iPhone.Build.0 = Debug|Any CPU
		{471E636D-4136-45E1-9073-2E18B0165C4E}.AppStore|iPhone.ActiveCfg = Debug|Any CPU
		{471E636D-4136-45E1-9073-2E18B0165C4E}.AppStore|iPhone.Build.0 = Debug|Any CPU
	EndGlobalSection
EndGlobal
